
Microsoft Visual Studio Solution File, Format Version 12.00
# Visual Studio 15
VisualStudioVersion = 15.0.28307.421
MinimumVisualStudioVersion = 10.0.40219.1
Project("{FAE04EC0-301F-11D3-BF4B-00C04F79EFBC}") = "UnitTestExample", "UnitTestExample\UnitTestExample.csproj", "{A3BE6411-D399-4779-83C6-DF8AB3A74DCD}"
EndProject
Project("{FAE04EC0-301F-11D3-BF4B-00C04F79EFBC}") = "DemoTests", "DemoTests\DemoTests.csproj", "{D39B101D-E9C6-4D15-B5A4-9C4F5381CC3F}"
EndProject
Project("{FAE04EC0-301F-11D3-BF4B-00C04F79EFBC}") = "CalculatorUi", "CalculatorUi\CalculatorUi.csproj", "{3D3776DE-A3AC-4EE4-8BCE-648508EA0968}"
EndProject
Global
	GlobalSection(SolutionConfigurationPlatforms) = preSolution
		Debug|Any CPU = Debug|Any CPU
		Release|Any CPU = Release|Any CPU
	EndGlobalSection
	GlobalSection(ProjectConfigurationPlatforms) = postSolution
		{A3BE6411-D399-4779-83C6-DF8AB3A74DCD}.Debug|Any CPU.ActiveCfg = Debug|Any CPU
		{A3BE6411-D399-4779-83C6-DF8AB3A74DCD}.Debug|Any CPU.Build.0 = Debug|Any CPU
		{A3BE6411-D399-4779-83C6-DF8AB3A74DCD}.Release|Any CPU.ActiveCfg = Release|Any CPU
		{A3BE6411-D399-4779-83C6-DF8AB3A74DCD}.Release|Any CPU.Build.0 = Release|Any CPU
		{D39B101D-E9C6-4D15-B5A4-9C4F5381CC3F}.Debug|Any CPU.ActiveCfg = Debug|Any CPU
		{D39B101D-E9C6-4D15-B5A4-9C4F5381CC3F}.Debug|Any CPU.Build.0 = Debug|Any CPU
		{D39B101D-E9C6-4D15-B5A4-9C4F5381CC3F}.Release|Any CPU.ActiveCfg = Release|Any CPU
		{D39B101D-E9C6-4D15-B5A4-9C4F5381CC3F}.Release|Any CPU.Build.0 = Release|Any CPU
		{3D3776DE-A3AC-4EE4-8BCE-648508EA0968}.Debug|Any CPU.ActiveCfg = Debug|Any CPU
		{3D3776DE-A3AC-4EE4-8BCE-648508EA0968}.Debug|Any CPU.Build.0 = Debug|Any CPU
		{3D3776DE-A3AC-4EE4-8BCE-648508EA0968}.Release|Any CPU.ActiveCfg = Release|Any CPU
		{3D3776DE-A3AC-4EE4-8BCE-648508EA0968}.Release|Any CPU.Build.0 = Release|Any CPU
	EndGlobalSection
	GlobalSection(SolutionProperties) = preSolution
		HideSolutionNode = FALSE
	EndGlobalSection
	GlobalSection(ExtensibilityGlobals) = postSolution
		SolutionGuid = {3F474B72-B1D9-496D-B49F-B1E1CA194BE6}
	EndGlobalSection
EndGlobal
